
Microsoft Visual Studio Solution File, Format Version 12.00
# Visual Studio Version 16
VisualStudioVersion = 16.0.29728.190
MinimumVisualStudioVersion = 10.0.40219.1
Project("{9A19103F-16F7-4668-BE54-9A1E7A4F7556}") = "CppAst", "CppAst\CppAst.csproj", "{F3FAC147-1F2A-4234-998E-5A0C4971CAF2}"
EndProject
Project("{9A19103F-16F7-4668-BE54-9A1E7A4F7556}") = "CppAst.Tests", "CppAst.Tests\CppAst.Tests.csproj", "{03154921-B42B-49A4-95D3-D28738B82AC6}"
EndProject
Project("{2150E333-8FDC-42A3-9474-1A3956D46DE8}") = "build", "build", "{EDFB7701-AA1B-434F-A2F9-5DC590CEA517}"
	ProjectSection(SolutionItems) = preProject
		..\changelog.md = ..\changelog.md
		..\.github\workflows\ci.yml = ..\.github\workflows\ci.yml
		..\license.txt = ..\license.txt
		..\readme.md = ..\readme.md
	EndProjectSection
EndProject
Global
	GlobalSection(SolutionConfigurationPlatforms) = preSolution
		Debug|Any CPU = Debug|Any CPU
		Release|Any CPU = Release|Any CPU
	EndGlobalSection
	GlobalSection(ProjectConfigurationPlatforms) = postSolution
		{F3FAC147-1F2A-4234-998E-5A0C4971CAF2}.Debug|Any CPU.ActiveCfg = Debug|Any CPU
		{F3FAC147-1F2A-4234-998E-5A0C4971CAF2}.Debug|Any CPU.Build.0 = Debug|Any CPU
		{F3FAC147-1F2A-4234-998E-5A0C4971CAF2}.Release|Any CPU.ActiveCfg = Release|Any CPU
		{F3FAC147-1F2A-4234-998E-5A0C4971CAF2}.Release|Any CPU.Build.0 = Release|Any CPU
		{03154921-B42B-49A4-95D3-D28738B82AC6}.Debug|Any CPU.ActiveCfg = Debug|Any CPU
		{03154921-B42B-49A4-95D3-D28738B82AC6}.Debug|Any CPU.Build.0 = Debug|Any CPU
		{03154921-B42B-49A4-95D3-D28738B82AC6}.Release|Any CPU.ActiveCfg = Release|Any CPU
		{03154921-B42B-49A4-95D3-D28738B82AC6}.Release|Any CPU.Build.0 = Release|Any CPU
	EndGlobalSection
	GlobalSection(SolutionProperties) = preSolution
		HideSolutionNode = FALSE
	EndGlobalSection
	GlobalSection(ExtensibilityGlobals) = postSolution
		SolutionGuid = {04E3C1D9-AEB0-42D8-902A-453089786919}
	EndGlobalSection
EndGlobal
